
Microsoft Visual Studio Solution File, Format Version 12.00
# Visual Studio Version 16
VisualStudioVersion = 16.0.31402.337
MinimumVisualStudioVersion = 10.0.40219.1
Project("{2150E333-8FDC-42A3-9474-1A3956D46DE8}") = "src", "src", "{30C54B67-1FA5-43DA-8252-BCFFF76DBB30}"
EndProject
Project("{9A19103F-16F7-4668-BE54-9A1E7A4F7556}") = "TicketManagement.Web", "src\TicketManagement.Web\TicketManagement.Web.csproj", "{2924907B-6A1E-465E-9F5F-26FA970FBB8B}"
EndProject
Project("{9A19103F-16F7-4668-BE54-9A1E7A4F7556}") = "TicketManagement.BLL", "src\TicketManagement.BLL\TicketManagement.BLL.csproj", "{DDFFB98A-4A52-43B8-8BE7-058519B6186F}"
EndProject
Project("{9A19103F-16F7-4668-BE54-9A1E7A4F7556}") = "TicketManagement.Models", "src\TicketManagement.Models\TicketManagement.Models.csproj", "{9F993D84-53DF-4A9F-99C5-6C0982ACF922}"
EndProject
Project("{9A19103F-16F7-4668-BE54-9A1E7A4F7556}") = "TicketManagement.DAL", "src\TicketManagement.DAL\TicketManagement.DAL.csproj", "{59D17648-1F1B-4817-9166-98ACB8E4F802}"
EndProject
Global
	GlobalSection(SolutionConfigurationPlatforms) = preSolution
		Debug|Any CPU = Debug|Any CPU
		Release|Any CPU = Release|Any CPU
	EndGlobalSection
	GlobalSection(ProjectConfigurationPlatforms) = postSolution
		{2924907B-6A1E-465E-9F5F-26FA970FBB8B}.Debug|Any CPU.ActiveCfg = Debug|Any CPU
		{2924907B-6A1E-465E-9F5F-26FA970FBB8B}.Debug|Any CPU.Build.0 = Debug|Any CPU
		{2924907B-6A1E-465E-9F5F-26FA970FBB8B}.Release|Any CPU.ActiveCfg = Release|Any CPU
		{2924907B-6A1E-465E-9F5F-26FA970FBB8B}.Release|Any CPU.Build.0 = Release|Any CPU
		{DDFFB98A-4A52-43B8-8BE7-058519B6186F}.Debug|Any CPU.ActiveCfg = Debug|Any CPU
		{DDFFB98A-4A52-43B8-8BE7-058519B6186F}.Debug|Any CPU.Build.0 = Debug|Any CPU
		{DDFFB98A-4A52-43B8-8BE7-058519B6186F}.Release|Any CPU.ActiveCfg = Release|Any CPU
		{DDFFB98A-4A52-43B8-8BE7-058519B6186F}.Release|Any CPU.Build.0 = Release|Any CPU
		{9F993D84-53DF-4A9F-99C5-6C0982ACF922}.Debug|Any CPU.ActiveCfg = Debug|Any CPU
		{9F993D84-53DF-4A9F-99C5-6C0982ACF922}.Debug|Any CPU.Build.0 = Debug|Any CPU
		{9F993D84-53DF-4A9F-99C5-6C0982ACF922}.Release|Any CPU.ActiveCfg = Release|Any CPU
		{9F993D84-53DF-4A9F-99C5-6C0982ACF922}.Release|Any CPU.Build.0 = Release|Any CPU
		{59D17648-1F1B-4817-9166-98ACB8E4F802}.Debug|Any CPU.ActiveCfg = Debug|Any CPU
		{59D17648-1F1B-4817-9166-98ACB8E4F802}.Debug|Any CPU.Build.0 = Debug|Any CPU
		{59D17648-1F1B-4817-9166-98ACB8E4F802}.Release|Any CPU.ActiveCfg = Release|Any CPU
		{59D17648-1F1B-4817-9166-98ACB8E4F802}.Release|Any CPU.Build.0 = Release|Any CPU
	EndGlobalSection
	GlobalSection(SolutionProperties) = preSolution
		HideSolutionNode = FALSE
	EndGlobalSection
	GlobalSection(NestedProjects) = preSolution
		{2924907B-6A1E-465E-9F5F-26FA970FBB8B} = {30C54B67-1FA5-43DA-8252-BCFFF76DBB30}
		{DDFFB98A-4A52-43B8-8BE7-058519B6186F} = {30C54B67-1FA5-43DA-8252-BCFFF76DBB30}
		{9F993D84-53DF-4A9F-99C5-6C0982ACF922} = {30C54B67-1FA5-43DA-8252-BCFFF76DBB30}
		{59D17648-1F1B-4817-9166-98ACB8E4F802} = {30C54B67-1FA5-43DA-8252-BCFFF76DBB30}
	EndGlobalSection
	GlobalSection(ExtensibilityGlobals) = postSolution
		SolutionGuid = {1E67FD07-A21A-4929-8291-782C6F8996C4}
	EndGlobalSection
EndGlobal
